
Microsoft Visual Studio Solution File, Format Version 12.00
# Visual Studio 15
VisualStudioVersion = 15.0.26124.0
MinimumVisualStudioVersion = 15.0.26124.0
Project("{FAE04EC0-301F-11D3-BF4B-00C04F79EFBC}") = "Domain", "Domain\Domain.csproj", "{378D6C38-6247-4C3D-A055-4C65F1A048C2}"
EndProject
Project("{FAE04EC0-301F-11D3-BF4B-00C04F79EFBC}") = "Application", "Application\Application.csproj", "{0725CCF0-B851-479A-A65F-F63FA510FE9A}"
EndProject
Project("{FAE04EC0-301F-11D3-BF4B-00C04F79EFBC}") = "Persistence", "Persistence\Persistence.csproj", "{F8DB3840-1834-4F26-BF30-1DC87E24360A}"
EndProject
Project("{FAE04EC0-301F-11D3-BF4B-00C04F79EFBC}") = "API", "API\API.csproj", "{569F1078-E3DE-4A8C-9D6B-2D1C277479AD}"
EndProject
Global
	GlobalSection(SolutionConfigurationPlatforms) = preSolution
		Debug|Any CPU = Debug|Any CPU
		Debug|x64 = Debug|x64
		Debug|x86 = Debug|x86
		Release|Any CPU = Release|Any CPU
		Release|x64 = Release|x64
		Release|x86 = Release|x86
	EndGlobalSection
	GlobalSection(SolutionProperties) = preSolution
		HideSolutionNode = FALSE
	EndGlobalSection
	GlobalSection(ProjectConfigurationPlatforms) = postSolution
		{378D6C38-6247-4C3D-A055-4C65F1A048C2}.Debug|Any CPU.ActiveCfg = Debug|Any CPU
		{378D6C38-6247-4C3D-A055-4C65F1A048C2}.Debug|Any CPU.Build.0 = Debug|Any CPU
		{378D6C38-6247-4C3D-A055-4C65F1A048C2}.Debug|x64.ActiveCfg = Debug|Any CPU
		{378D6C38-6247-4C3D-A055-4C65F1A048C2}.Debug|x64.Build.0 = Debug|Any CPU
		{378D6C38-6247-4C3D-A055-4C65F1A048C2}.Debug|x86.ActiveCfg = Debug|Any CPU
		{378D6C38-6247-4C3D-A055-4C65F1A048C2}.Debug|x86.Build.0 = Debug|Any CPU
		{378D6C38-6247-4C3D-A055-4C65F1A048C2}.Release|Any CPU.ActiveCfg = Release|Any CPU
		{378D6C38-6247-4C3D-A055-4C65F1A048C2}.Release|Any CPU.Build.0 = Release|Any CPU
		{378D6C38-6247-4C3D-A055-4C65F1A048C2}.Release|x64.ActiveCfg = Release|Any CPU
		{378D6C38-6247-4C3D-A055-4C65F1A048C2}.Release|x64.Build.0 = Release|Any CPU
		{378D6C38-6247-4C3D-A055-4C65F1A048C2}.Release|x86.ActiveCfg = Release|Any CPU
		{378D6C38-6247-4C3D-A055-4C65F1A048C2}.Release|x86.Build.0 = Release|Any CPU
		{0725CCF0-B851-479A-A65F-F63FA510FE9A}.Debug|Any CPU.ActiveCfg = Debug|Any CPU
		{0725CCF0-B851-479A-A65F-F63FA510FE9A}.Debug|Any CPU.Build.0 = Debug|Any CPU
		{0725CCF0-B851-479A-A65F-F63FA510FE9A}.Debug|x64.ActiveCfg = Debug|Any CPU
		{0725CCF0-B851-479A-A65F-F63FA510FE9A}.Debug|x64.Build.0 = Debug|Any CPU
		{0725CCF0-B851-479A-A65F-F63FA510FE9A}.Debug|x86.ActiveCfg = Debug|Any CPU
		{0725CCF0-B851-479A-A65F-F63FA510FE9A}.Debug|x86.Build.0 = Debug|Any CPU
		{0725CCF0-B851-479A-A65F-F63FA510FE9A}.Release|Any CPU.ActiveCfg = Release|Any CPU
		{0725CCF0-B851-479A-A65F-F63FA510FE9A}.Release|Any CPU.Build.0 = Release|Any CPU
		{0725CCF0-B851-479A-A65F-F63FA510FE9A}.Release|x64.ActiveCfg = Release|Any CPU
		{0725CCF0-B851-479A-A65F-F63FA510FE9A}.Release|x64.Build.0 = Release|Any CPU
		{0725CCF0-B851-479A-A65F-F63FA510FE9A}.Release|x86.ActiveCfg = Release|Any CPU
		{0725CCF0-B851-479A-A65F-F63FA510FE9A}.Release|x86.Build.0 = Release|Any CPU
		{F8DB3840-1834-4F26-BF30-1DC87E24360A}.Debug|Any CPU.ActiveCfg = Debug|Any CPU
		{F8DB3840-1834-4F26-BF30-1DC87E24360A}.Debug|Any CPU.Build.0 = Debug|Any CPU
		{F8DB3840-1834-4F26-BF30-1DC87E24360A}.Debug|x64.ActiveCfg = Debug|Any CPU
		{F8DB3840-1834-4F26-BF30-1DC87E24360A}.Debug|x64.Build.0 = Debug|Any CPU
		{F8DB3840-1834-4F26-BF30-1DC87E24360A}.Debug|x86.ActiveCfg = Debug|Any CPU
		{F8DB3840-1834-4F26-BF30-1DC87E24360A}.Debug|x86.Build.0 = Debug|Any CPU
		{F8DB3840-1834-4F26-BF30-1DC87E24360A}.Release|Any CPU.ActiveCfg = Release|Any CPU
		{F8DB3840-1834-4F26-BF30-1DC87E24360A}.Release|Any CPU.Build.0 = Release|Any CPU
		{F8DB3840-1834-4F26-BF30-1DC87E24360A}.Release|x64.ActiveCfg = Release|Any CPU
		{F8DB3840-1834-4F26-BF30-1DC87E24360A}.Release|x64.Build.0 = Release|Any CPU
		{F8DB3840-1834-4F26-BF30-1DC87E24360A}.Release|x86.ActiveCfg = Release|Any CPU
		{F8DB3840-1834-4F26-BF30-1DC87E24360A}.Release|x86.Build.0 = Release|Any CPU
		{569F1078-E3DE-4A8C-9D6B-2D1C277479AD}.Debug|Any CPU.ActiveCfg = Debug|Any CPU
		{569F1078-E3DE-4A8C-9D6B-2D1C277479AD}.Debug|Any CPU.Build.0 = Debug|Any CPU
		{569F1078-E3DE-4A8C-9D6B-2D1C277479AD}.Debug|x64.ActiveCfg = Debug|Any CPU
		{569F1078-E3DE-4A8C-9D6B-2D1C277479AD}.Debug|x64.Build.0 = Debug|Any CPU
		{569F1078-E3DE-4A8C-9D6B-2D1C277479AD}.Debug|x86.ActiveCfg = Debug|Any CPU
		{569F1078-E3DE-4A8C-9D6B-2D1C277479AD}.Debug|x86.Build.0 = Debug|Any CPU
		{569F1078-E3DE-4A8C-9D6B-2D1C277479AD}.Release|Any CPU.ActiveCfg = Release|Any CPU
		{569F1078-E3DE-4A8C-9D6B-2D1C277479AD}.Release|Any CPU.Build.0 = Release|Any CPU
		{569F1078-E3DE-4A8C-9D6B-2D1C277479AD}.Release|x64.ActiveCfg = Release|Any CPU
		{569F1078-E3DE-4A8C-9D6B-2D1C277479AD}.Release|x64.Build.0 = Release|Any CPU
		{569F1078-E3DE-4A8C-9D6B-2D1C277479AD}.Release|x86.ActiveCfg = Release|Any CPU
		{569F1078-E3DE-4A8C-9D6B-2D1C277479AD}.Release|x86.Build.0 = Release|Any CPU
	EndGlobalSection
EndGlobal
